
Microsoft Visual Studio Solution File, Format Version 12.00
Project("{FAE04EC0-301F-11D3-BF4B-00C04F79EFBC}") = "DelegatesAndEvents", "DelegatesAndEvents.csproj", "{B8389C20-21F7-4678-93CB-9D9836E9E903}"
EndProject
Global
	GlobalSection(SolutionConfigurationPlatforms) = preSolution
		Debug|Any CPU = Debug|Any CPU
		Release|Any CPU = Release|Any CPU
	EndGlobalSection
	GlobalSection(ProjectConfigurationPlatforms) = postSolution
		{B8389C20-21F7-4678-93CB-9D9836E9E903}.Debug|Any CPU.ActiveCfg = Debug|Any CPU
		{B8389C20-21F7-4678-93CB-9D9836E9E903}.Debug|Any CPU.Build.0 = Debug|Any CPU
		{B8389C20-21F7-4678-93CB-9D9836E9E903}.Release|Any CPU.ActiveCfg = Release|Any CPU
		{B8389C20-21F7-4678-93CB-9D9836E9E903}.Release|Any CPU.Build.0 = Release|Any CPU
	EndGlobalSection
EndGlobal
